
Microsoft Visual Studio Solution File, Format Version 12.00
# Visual Studio Version 17
VisualStudioVersion = 17.0.31919.166
MinimumVisualStudioVersion = 10.0.40219.1
Project("{54A90642-561A-4BB1-A94E-469ADEE60C69}") = "WorldCities", "WorldCities\WorldCities.esproj", "{F40AD203-77B3-412A-8D00-FF42C61FF243}"
EndProject
Project("{9A19103F-16F7-4668-BE54-9A1E7A4F7556}") = "WorldCitiesAPI", "WorldCitiesAPI\WorldCitiesAPI.csproj", "{231290F0-A524-4B61-B073-D07CA13110EE}"
EndProject
Project("{9A19103F-16F7-4668-BE54-9A1E7A4F7556}") = "WorldCitiesAPI.Tests", "WorldCitiesAPI.Tests\WorldCitiesAPI.Tests.csproj", "{AF73576C-1D3A-46F6-8205-EDD5C7FAD5A9}"
EndProject
Global
	GlobalSection(SolutionConfigurationPlatforms) = preSolution
		Debug|Any CPU = Debug|Any CPU
		Release|Any CPU = Release|Any CPU
	EndGlobalSection
	GlobalSection(ProjectConfigurationPlatforms) = postSolution
		{F40AD203-77B3-412A-8D00-FF42C61FF243}.Debug|Any CPU.ActiveCfg = Debug|Any CPU
		{F40AD203-77B3-412A-8D00-FF42C61FF243}.Debug|Any CPU.Build.0 = Debug|Any CPU
		{F40AD203-77B3-412A-8D00-FF42C61FF243}.Debug|Any CPU.Deploy.0 = Debug|Any CPU
		{F40AD203-77B3-412A-8D00-FF42C61FF243}.Release|Any CPU.ActiveCfg = Release|Any CPU
		{F40AD203-77B3-412A-8D00-FF42C61FF243}.Release|Any CPU.Build.0 = Release|Any CPU
		{F40AD203-77B3-412A-8D00-FF42C61FF243}.Release|Any CPU.Deploy.0 = Release|Any CPU
		{231290F0-A524-4B61-B073-D07CA13110EE}.Debug|Any CPU.ActiveCfg = Debug|Any CPU
		{231290F0-A524-4B61-B073-D07CA13110EE}.Debug|Any CPU.Build.0 = Debug|Any CPU
		{231290F0-A524-4B61-B073-D07CA13110EE}.Release|Any CPU.ActiveCfg = Release|Any CPU
		{231290F0-A524-4B61-B073-D07CA13110EE}.Release|Any CPU.Build.0 = Release|Any CPU
		{AF73576C-1D3A-46F6-8205-EDD5C7FAD5A9}.Debug|Any CPU.ActiveCfg = Debug|Any CPU
		{AF73576C-1D3A-46F6-8205-EDD5C7FAD5A9}.Debug|Any CPU.Build.0 = Debug|Any CPU
		{AF73576C-1D3A-46F6-8205-EDD5C7FAD5A9}.Release|Any CPU.ActiveCfg = Release|Any CPU
		{AF73576C-1D3A-46F6-8205-EDD5C7FAD5A9}.Release|Any CPU.Build.0 = Release|Any CPU
	EndGlobalSection
	GlobalSection(SolutionProperties) = preSolution
		HideSolutionNode = FALSE
	EndGlobalSection
	GlobalSection(ExtensibilityGlobals) = postSolution
		SolutionGuid = {C5BC3F49-8A5A-48DD-8E3C-EF2167477406}
	EndGlobalSection
EndGlobal
